
Microsoft Visual Studio Solution File, Format Version 12.00
# Visual Studio 15
Project("{FAE04EC0-301F-11D3-BF4B-00C04F79EFBC}") = "Unity.Timeline", "Unity.Timeline.csproj", "{B85C415A-32F8-1F0C-64E6-B84F0F8FB886}"
EndProject
Project("{FAE04EC0-301F-11D3-BF4B-00C04F79EFBC}") = "Unity.Timeline.Editor", "Unity.Timeline.Editor.csproj", "{C74D0E4C-B058-E4BF-BD69-F0BA1DDFA932}"
EndProject
Project("{FAE04EC0-301F-11D3-BF4B-00C04F79EFBC}") = "Unity.2D.Tilemap.Editor", "Unity.2D.Tilemap.Editor.csproj", "{375960D8-4406-6C0B-FAC6-0A6D25890135}"
EndProject
Project("{FAE04EC0-301F-11D3-BF4B-00C04F79EFBC}") = "Unity.TextMeshPro.Editor", "Unity.TextMeshPro.Editor.csproj", "{68F4E9FE-6D2D-6DF3-9662-0672584E378D}"
EndProject
Project("{FAE04EC0-301F-11D3-BF4B-00C04F79EFBC}") = "Unity.2D.Aseprite.Editor", "Unity.2D.Aseprite.Editor.csproj", "{7ADD0927-5E77-7817-15EA-C764C8B7BC96}"
EndProject
Project("{FAE04EC0-301F-11D3-BF4B-00C04F79EFBC}") = "Unity.VisualScripting.Flow", "Unity.VisualScripting.Flow.csproj", "{A1B95344-582E-4963-E129-71AAC0179BE3}"
EndProject
Project("{FAE04EC0-301F-11D3-BF4B-00C04F79EFBC}") = "UnityEditor.UI", "UnityEditor.UI.csproj", "{C0F18C32-2A0B-867D-BBB5-1C9545FEE98D}"
EndProject
Project("{FAE04EC0-301F-11D3-BF4B-00C04F79EFBC}") = "Unity.PlasticSCM.Editor", "Unity.PlasticSCM.Editor.csproj", "{A31F0F23-079D-C4AB-C7E4-890E8DA2E77F}"
EndProject
Project("{FAE04EC0-301F-11D3-BF4B-00C04F79EFBC}") = "Unity.2D.Psdimporter.Editor", "Unity.2D.Psdimporter.Editor.csproj", "{8341AD6E-CEFA-35DB-E6AA-B0B10E053AD4}"
EndProject
Project("{FAE04EC0-301F-11D3-BF4B-00C04F79EFBC}") = "Unity.InputSystem", "Unity.InputSystem.csproj", "{4B1BB9D1-B04D-9DDF-783C-906F25678B53}"
EndProject
Project("{FAE04EC0-301F-11D3-BF4B-00C04F79EFBC}") = "Unity.VisualScripting.Core", "Unity.VisualScripting.Core.csproj", "{DED5CAF7-C0B9-F155-A000-57B0A8CF13B1}"
EndProject
Project("{FAE04EC0-301F-11D3-BF4B-00C04F79EFBC}") = "Unity.Mathematics", "Unity.Mathematics.csproj", "{99AF715C-5EF8-A516-1E98-3742CFF2ED21}"
EndProject
Project("{FAE04EC0-301F-11D3-BF4B-00C04F79EFBC}") = "Unity.2D.Animation.Editor", "Unity.2D.Animation.Editor.csproj", "{8D19942E-D963-F876-2900-2AB468DBCFE5}"
EndProject
Project("{FAE04EC0-301F-11D3-BF4B-00C04F79EFBC}") = "Unity.2D.Common.Path.Editor", "Unity.2D.Common.Path.Editor.csproj", "{DEBD8260-3422-9D27-FEBA-7D8CA86F50BE}"
EndProject
Project("{FAE04EC0-301F-11D3-BF4B-00C04F79EFBC}") = "Unity.VisualScripting.Core.Editor", "Unity.VisualScripting.Core.Editor.csproj", "{5B7D30B3-9C50-C0A4-E03B-C01891A625B9}"
EndProject
Project("{FAE04EC0-301F-11D3-BF4B-00C04F79EFBC}") = "Unity.2D.IK.Runtime", "Unity.2D.IK.Runtime.csproj", "{516D8848-9CB3-E12B-126F-A0F318A878FF}"
EndProject
Project("{FAE04EC0-301F-11D3-BF4B-00C04F79EFBC}") = "Unity.VisualScripting.Flow.Editor", "Unity.VisualScripting.Flow.Editor.csproj", "{E0AF43AE-2C84-877A-8744-8C3B985BBF6E}"
EndProject
Project("{FAE04EC0-301F-11D3-BF4B-00C04F79EFBC}") = "UnityEditor.TestRunner", "UnityEditor.TestRunner.csproj", "{1A894D23-7121-D084-C4A8-104DA2FE56A9}"
EndProject
Project("{FAE04EC0-301F-11D3-BF4B-00C04F79EFBC}") = "Unity.VisualScripting.SettingsProvider.Editor", "Unity.VisualScripting.SettingsProvider.Editor.csproj", "{7EF6434D-84C1-961B-B8B0-A92C62169D86}"
EndProject
Project("{FAE04EC0-301F-11D3-BF4B-00C04F79EFBC}") = "UnityEngine.TestRunner", "UnityEngine.TestRunner.csproj", "{8F936C7C-D967-A879-7B10-538AC4A2779A}"
EndProject
Project("{FAE04EC0-301F-11D3-BF4B-00C04F79EFBC}") = "AstarPathfindingProject", "AstarPathfindingProject.csproj", "{74CB1A90-5E5D-B98B-08EA-446557650395}"
EndProject
Project("{FAE04EC0-301F-11D3-BF4B-00C04F79EFBC}") = "PsdPlugin", "PsdPlugin.csproj", "{2EF58706-EF94-0D4B-9AEF-F3B08A978F3D}"
EndProject
Project("{FAE04EC0-301F-11D3-BF4B-00C04F79EFBC}") = "Unity.Burst", "Unity.Burst.csproj", "{D104A8C8-DE30-2CED-8EC2-472A04D0F3ED}"
EndProject
Project("{FAE04EC0-301F-11D3-BF4B-00C04F79EFBC}") = "UnityEngine.UI", "UnityEngine.UI.csproj", "{392F4EEA-677E-80E3-0A58-A0804ECF464E}"
EndProject
Project("{FAE04EC0-301F-11D3-BF4B-00C04F79EFBC}") = "AstarPathfindingProjectEditor", "AstarPathfindingProjectEditor.csproj", "{1E7037DF-B49F-3E76-C6E9-8B291D8FF875}"
EndProject
Project("{FAE04EC0-301F-11D3-BF4B-00C04F79EFBC}") = "Unity.Collections", "Unity.Collections.csproj", "{6FD1E786-5587-133E-ADE9-B931A8943EE8}"
EndProject
Project("{FAE04EC0-301F-11D3-BF4B-00C04F79EFBC}") = "Unity.2D.SpriteShape.Editor", "Unity.2D.SpriteShape.Editor.csproj", "{649F888F-E88C-A27C-3412-D27807000CAC}"
EndProject
Project("{FAE04EC0-301F-11D3-BF4B-00C04F79EFBC}") = "Unity.VisualStudio.Editor", "Unity.VisualStudio.Editor.csproj", "{C12D1A16-C200-FAFB-919F-9ADC68751473}"
EndProject
Project("{FAE04EC0-301F-11D3-BF4B-00C04F79EFBC}") = "Unity.2D.Tilemap.Extras.Editor", "Unity.2D.Tilemap.Extras.Editor.csproj", "{85C1AF3A-22AA-4CA5-BD43-9D28297A87E6}"
EndProject
Project("{FAE04EC0-301F-11D3-BF4B-00C04F79EFBC}") = "Unity.Rider.Editor", "Unity.Rider.Editor.csproj", "{6E0D9097-2513-4EEB-5ECB-58B369993BC9}"
EndProject
Project("{FAE04EC0-301F-11D3-BF4B-00C04F79EFBC}") = "Unity.InternalAPIEditorBridge.001", "Unity.InternalAPIEditorBridge.001.csproj", "{ED2FF83C-DB48-2FCD-EB3D-1D369856BB55}"
EndProject
Project("{FAE04EC0-301F-11D3-BF4B-00C04F79EFBC}") = "Unity.2D.SpriteShape.Runtime", "Unity.2D.SpriteShape.Runtime.csproj", "{E6623092-FF13-EB46-80B8-1E013F894EC7}"
EndProject
Project("{FAE04EC0-301F-11D3-BF4B-00C04F79EFBC}") = "Unity.VisualScripting.State.Editor", "Unity.VisualScripting.State.Editor.csproj", "{8CF9BF5F-6202-5FA2-7C4A-1D59E12655A3}"
EndProject
Project("{FAE04EC0-301F-11D3-BF4B-00C04F79EFBC}") = "Unity.2D.Animation.Runtime", "Unity.2D.Animation.Runtime.csproj", "{D70A1634-C12D-3320-0AB7-9547AEF95539}"
EndProject
Project("{FAE04EC0-301F-11D3-BF4B-00C04F79EFBC}") = "Unity.Burst.CodeGen", "Unity.Burst.CodeGen.csproj", "{4502D5C3-E1D0-DDA2-2F3F-F619A6BA0DA7}"
EndProject
Project("{FAE04EC0-301F-11D3-BF4B-00C04F79EFBC}") = "Unity.2D.Tilemap.Extras", "Unity.2D.Tilemap.Extras.csproj", "{1303DFC9-EA2A-9AAB-3506-CEF05283CE7D}"
EndProject
Project("{FAE04EC0-301F-11D3-BF4B-00C04F79EFBC}") = "Unity.VisualScripting.State", "Unity.VisualScripting.State.csproj", "{9939B049-3E34-26EC-4685-74C9ECB6385D}"
EndProject
Project("{FAE04EC0-301F-11D3-BF4B-00C04F79EFBC}") = "Assembly-CSharp", "Assembly-CSharp.csproj", "{760C3C8E-4038-4128-6F13-A5C3379F636E}"
EndProject
Project("{FAE04EC0-301F-11D3-BF4B-00C04F79EFBC}") = "Unity.TextMeshPro", "Unity.TextMeshPro.csproj", "{D74A805A-9DF1-5FD6-94BF-8BB96D42E939}"
EndProject
Project("{FAE04EC0-301F-11D3-BF4B-00C04F79EFBC}") = "Unity.2D.Aseprite.Common", "Unity.2D.Aseprite.Common.csproj", "{0223D3E4-6590-0F39-99FE-649F77D097F5}"
EndProject
Project("{FAE04EC0-301F-11D3-BF4B-00C04F79EFBC}") = "Unity.2D.IK.Editor", "Unity.2D.IK.Editor.csproj", "{67C1F591-EA87-92CD-55B3-EA6E71ADF69C}"
EndProject
Project("{FAE04EC0-301F-11D3-BF4B-00C04F79EFBC}") = "Unity.InternalAPIEngineBridge.001", "Unity.InternalAPIEngineBridge.001.csproj", "{E892655D-673D-B4BE-4C85-7F373363B494}"
EndProject
Project("{FAE04EC0-301F-11D3-BF4B-00C04F79EFBC}") = "Unity.Burst.Editor", "Unity.Burst.Editor.csproj", "{52FD886D-E957-C367-1533-874C462DAB0E}"
EndProject
Project("{FAE04EC0-301F-11D3-BF4B-00C04F79EFBC}") = "Unity.2D.Common.Editor", "Unity.2D.Common.Editor.csproj", "{C6D78EAE-E225-66D9-67C9-8E2B67F9BC47}"
EndProject
Project("{FAE04EC0-301F-11D3-BF4B-00C04F79EFBC}") = "Unity.2D.Sprite.Editor", "Unity.2D.Sprite.Editor.csproj", "{EC29E3B0-735F-7FF9-D84B-73269D3B9F8F}"
EndProject
Project("{FAE04EC0-301F-11D3-BF4B-00C04F79EFBC}") = "PackageToolsEditor", "PackageToolsEditor.csproj", "{4BCC01A7-6704-2A91-DF5A-3F5F3224351A}"
EndProject
Project("{FAE04EC0-301F-11D3-BF4B-00C04F79EFBC}") = "Unity.2D.PixelPerfect", "Unity.2D.PixelPerfect.csproj", "{F3B19172-0353-47A6-24D0-F657AA6528C2}"
EndProject
Project("{FAE04EC0-301F-11D3-BF4B-00C04F79EFBC}") = "Unity.2D.PixelPerfect.Editor", "Unity.2D.PixelPerfect.Editor.csproj", "{D74B5AE4-C05D-9078-A946-6CC40B3481F2}"
EndProject
Project("{FAE04EC0-301F-11D3-BF4B-00C04F79EFBC}") = "Unity.2D.Common.Runtime", "Unity.2D.Common.Runtime.csproj", "{9D3D007D-5732-3B5F-3114-D03CF4DB942B}"
EndProject
Project("{FAE04EC0-301F-11D3-BF4B-00C04F79EFBC}") = "Unity.InputSystem.ForUI", "Unity.InputSystem.ForUI.csproj", "{49D0C5AA-01BD-9C0D-2535-2A95F7A2C578}"
EndProject
Project("{FAE04EC0-301F-11D3-BF4B-00C04F79EFBC}") = "Unity.Mathematics.Editor", "Unity.Mathematics.Editor.csproj", "{B052DB85-1211-8544-BB58-B193CA265B22}"
EndProject
Project("{FAE04EC0-301F-11D3-BF4B-00C04F79EFBC}") = "Unity.InputSystem.TestFramework", "Unity.InputSystem.TestFramework.csproj", "{AC9AF73D-9904-3A63-27F4-5852D3448669}"
EndProject
Project("{FAE04EC0-301F-11D3-BF4B-00C04F79EFBC}") = "Unity.Collections.BurstCompatibilityGen", "Unity.Collections.BurstCompatibilityGen.csproj", "{B02E7438-946D-870B-2F95-4ECB39E7D224}"
EndProject
Project("{FAE04EC0-301F-11D3-BF4B-00C04F79EFBC}") = "Unity.InternalAPIEditorBridge.005", "Unity.InternalAPIEditorBridge.005.csproj", "{FE73F6E4-021F-3B1A-67FB-66E58EE5CAED}"
EndProject
Project("{FAE04EC0-301F-11D3-BF4B-00C04F79EFBC}") = "Unity.VisualScripting.Shared.Editor", "Unity.VisualScripting.Shared.Editor.csproj", "{4021DFA4-8C2C-3EBC-75CE-7C203016578E}"
EndProject
Project("{FAE04EC0-301F-11D3-BF4B-00C04F79EFBC}") = "Unity.Collections.DocCodeSamples", "Unity.Collections.DocCodeSamples.csproj", "{88AD2482-9428-76DE-B241-311C17521BCE}"
EndProject
Project("{FAE04EC0-301F-11D3-BF4B-00C04F79EFBC}") = "Unity.CollabProxy.Editor", "Unity.CollabProxy.Editor.csproj", "{2377F4F3-A2B1-7D64-1CCF-2722ECE38C3D}"
EndProject
Project("{FAE04EC0-301F-11D3-BF4B-00C04F79EFBC}") = "Unity.Timeline", "Unity.Timeline.Player.csproj", "{7954F8EF-C477-2658-8A9C-EB727496CC0C}"
EndProject
Project("{FAE04EC0-301F-11D3-BF4B-00C04F79EFBC}") = "Unity.VisualScripting.Flow", "Unity.VisualScripting.Flow.Player.csproj", "{A6FB612A-D0FC-44CA-8378-CB24C0542E35}"
EndProject
Project("{FAE04EC0-301F-11D3-BF4B-00C04F79EFBC}") = "Unity.InputSystem", "Unity.InputSystem.Player.csproj", "{6297718F-D7C9-D266-3BB7-21CF0C75D5E7}"
EndProject
Project("{FAE04EC0-301F-11D3-BF4B-00C04F79EFBC}") = "Unity.VisualScripting.Core", "Unity.VisualScripting.Core.Player.csproj", "{E4714DB7-36A0-0181-53A9-056CD155D446}"
EndProject
Project("{FAE04EC0-301F-11D3-BF4B-00C04F79EFBC}") = "Unity.Mathematics", "Unity.Mathematics.Player.csproj", "{C6D857DD-BED7-4168-FC1F-127FEA189B6D}"
EndProject
Project("{FAE04EC0-301F-11D3-BF4B-00C04F79EFBC}") = "Unity.2D.IK.Runtime", "Unity.2D.IK.Runtime.Player.csproj", "{6C880538-F91C-1780-F3D1-BA6AF75E131C}"
EndProject
Project("{FAE04EC0-301F-11D3-BF4B-00C04F79EFBC}") = "UnityEngine.TestRunner", "UnityEngine.TestRunner.Player.csproj", "{AC951ADA-6CA1-CD0D-8346-573D7BD22DFE}"
EndProject
Project("{FAE04EC0-301F-11D3-BF4B-00C04F79EFBC}") = "AstarPathfindingProject", "AstarPathfindingProject.Player.csproj", "{DCD234ED-0A0C-EF8F-8C58-576054EC8323}"
EndProject
Project("{FAE04EC0-301F-11D3-BF4B-00C04F79EFBC}") = "Unity.Burst", "Unity.Burst.Player.csproj", "{F3F9BED9-64DE-8C25-826C-77838351A85F}"
EndProject
Project("{FAE04EC0-301F-11D3-BF4B-00C04F79EFBC}") = "UnityEngine.UI", "UnityEngine.UI.Player.csproj", "{AADC3A03-8AD6-0ABF-92C9-7CDE6787925A}"
EndProject
Project("{FAE04EC0-301F-11D3-BF4B-00C04F79EFBC}") = "Unity.Collections", "Unity.Collections.Player.csproj", "{99C94A45-0BA6-1CE6-FDD8-464285F0B4BE}"
EndProject
Project("{FAE04EC0-301F-11D3-BF4B-00C04F79EFBC}") = "Unity.2D.SpriteShape.Runtime", "Unity.2D.SpriteShape.Runtime.Player.csproj", "{E176BE73-892E-3C42-3216-B61BB528995C}"
EndProject
Project("{FAE04EC0-301F-11D3-BF4B-00C04F79EFBC}") = "Unity.2D.Animation.Runtime", "Unity.2D.Animation.Runtime.Player.csproj", "{A0C4DFFE-0600-85ED-7C40-668F994ABB1B}"
EndProject
Project("{FAE04EC0-301F-11D3-BF4B-00C04F79EFBC}") = "Unity.2D.Tilemap.Extras", "Unity.2D.Tilemap.Extras.Player.csproj", "{00F39BA4-7843-2065-D931-42E574663B79}"
EndProject
Project("{FAE04EC0-301F-11D3-BF4B-00C04F79EFBC}") = "Unity.VisualScripting.State", "Unity.VisualScripting.State.Player.csproj", "{88A5DD57-8243-2126-89F2-B320F32BD1CD}"
EndProject
Project("{FAE04EC0-301F-11D3-BF4B-00C04F79EFBC}") = "Assembly-CSharp", "Assembly-CSharp.Player.csproj", "{2BFBE058-F5A8-1DD9-3BC4-AF283DB5961D}"
EndProject
Project("{FAE04EC0-301F-11D3-BF4B-00C04F79EFBC}") = "Unity.TextMeshPro", "Unity.TextMeshPro.Player.csproj", "{408B6E2A-349F-35E6-6E46-C9815B2CE4E2}"
EndProject
Project("{FAE04EC0-301F-11D3-BF4B-00C04F79EFBC}") = "Unity.InternalAPIEngineBridge.001", "Unity.InternalAPIEngineBridge.001.Player.csproj", "{B6F74CF5-FAC3-7032-02D9-7CF2D868A117}"
EndProject
Project("{FAE04EC0-301F-11D3-BF4B-00C04F79EFBC}") = "Unity.2D.PixelPerfect", "Unity.2D.PixelPerfect.Player.csproj", "{52928B36-2AAD-B46B-F7E7-60EFA450F611}"
EndProject
Project("{FAE04EC0-301F-11D3-BF4B-00C04F79EFBC}") = "Unity.2D.Common.Runtime", "Unity.2D.Common.Runtime.Player.csproj", "{53D68508-1323-E043-5A8D-C7B73D55B078}"
EndProject
Project("{FAE04EC0-301F-11D3-BF4B-00C04F79EFBC}") = "Unity.InputSystem.ForUI", "Unity.InputSystem.ForUI.Player.csproj", "{EEC1C2B7-D382-2762-509B-E70060E9631B}"
EndProject
Project("{FAE04EC0-301F-11D3-BF4B-00C04F79EFBC}") = "Unity.InputSystem.TestFramework", "Unity.InputSystem.TestFramework.Player.csproj", "{C3CE87E4-2695-B8EA-35A9-F2E13719E4AA}"
EndProject
Global
	GlobalSection(SolutionConfigurationPlatforms) = preSolution
		Debug|Any CPU = Debug|Any CPU
		Release|Any CPU = Release|Any CPU
	EndGlobalSection
	GlobalSection(ProjectConfigurationPlatforms) = postSolution
		{B85C415A-32F8-1F0C-64E6-B84F0F8FB886}.Debug|Any CPU.ActiveCfg = Debug|Any CPU
		{B85C415A-32F8-1F0C-64E6-B84F0F8FB886}.Debug|Any CPU.Build.0 = Debug|Any CPU
		{B85C415A-32F8-1F0C-64E6-B84F0F8FB886}.Release|Any CPU.ActiveCfg = Release|Any CPU
		{B85C415A-32F8-1F0C-64E6-B84F0F8FB886}.Release|Any CPU.Build.0 = Release|Any CPU
		{C74D0E4C-B058-E4BF-BD69-F0BA1DDFA932}.Debug|Any CPU.ActiveCfg = Debug|Any CPU
		{C74D0E4C-B058-E4BF-BD69-F0BA1DDFA932}.Debug|Any CPU.Build.0 = Debug|Any CPU
		{C74D0E4C-B058-E4BF-BD69-F0BA1DDFA932}.Release|Any CPU.ActiveCfg = Release|Any CPU
		{C74D0E4C-B058-E4BF-BD69-F0BA1DDFA932}.Release|Any CPU.Build.0 = Release|Any CPU
		{375960D8-4406-6C0B-FAC6-0A6D25890135}.Debug|Any CPU.ActiveCfg = Debug|Any CPU
		{375960D8-4406-6C0B-FAC6-0A6D25890135}.Debug|Any CPU.Build.0 = Debug|Any CPU
		{375960D8-4406-6C0B-FAC6-0A6D25890135}.Release|Any CPU.ActiveCfg = Release|Any CPU
		{375960D8-4406-6C0B-FAC6-0A6D25890135}.Release|Any CPU.Build.0 = Release|Any CPU
		{68F4E9FE-6D2D-6DF3-9662-0672584E378D}.Debug|Any CPU.ActiveCfg = Debug|Any CPU
		{68F4E9FE-6D2D-6DF3-9662-0672584E378D}.Debug|Any CPU.Build.0 = Debug|Any CPU
		{68F4E9FE-6D2D-6DF3-9662-0672584E378D}.Release|Any CPU.ActiveCfg = Release|Any CPU
		{68F4E9FE-6D2D-6DF3-9662-0672584E378D}.Release|Any CPU.Build.0 = Release|Any CPU
		{7ADD0927-5E77-7817-15EA-C764C8B7BC96}.Debug|Any CPU.ActiveCfg = Debug|Any CPU
		{7ADD0927-5E77-7817-15EA-C764C8B7BC96}.Debug|Any CPU.Build.0 = Debug|Any CPU
		{7ADD0927-5E77-7817-15EA-C764C8B7BC96}.Release|Any CPU.ActiveCfg = Release|Any CPU
		{7ADD0927-5E77-7817-15EA-C764C8B7BC96}.Release|Any CPU.Build.0 = Release|Any CPU
		{A1B95344-582E-4963-E129-71AAC0179BE3}.Debug|Any CPU.ActiveCfg = Debug|Any CPU
		{A1B95344-582E-4963-E129-71AAC0179BE3}.Debug|Any CPU.Build.0 = Debug|Any CPU
		{A1B95344-582E-4963-E129-71AAC0179BE3}.Release|Any CPU.ActiveCfg = Release|Any CPU
		{A1B95344-582E-4963-E129-71AAC0179BE3}.Release|Any CPU.Build.0 = Release|Any CPU
		{C0F18C32-2A0B-867D-BBB5-1C9545FEE98D}.Debug|Any CPU.ActiveCfg = Debug|Any CPU
		{C0F18C32-2A0B-867D-BBB5-1C9545FEE98D}.Debug|Any CPU.Build.0 = Debug|Any CPU
		{C0F18C32-2A0B-867D-BBB5-1C9545FEE98D}.Release|Any CPU.ActiveCfg = Release|Any CPU
		{C0F18C32-2A0B-867D-BBB5-1C9545FEE98D}.Release|Any CPU.Build.0 = Release|Any CPU
		{A31F0F23-079D-C4AB-C7E4-890E8DA2E77F}.Debug|Any CPU.ActiveCfg = Debug|Any CPU
		{A31F0F23-079D-C4AB-C7E4-890E8DA2E77F}.Debug|Any CPU.Build.0 = Debug|Any CPU
		{A31F0F23-079D-C4AB-C7E4-890E8DA2E77F}.Release|Any CPU.ActiveCfg = Release|Any CPU
		{A31F0F23-079D-C4AB-C7E4-890E8DA2E77F}.Release|Any CPU.Build.0 = Release|Any CPU
		{8341AD6E-CEFA-35DB-E6AA-B0B10E053AD4}.Debug|Any CPU.ActiveCfg = Debug|Any CPU
		{8341AD6E-CEFA-35DB-E6AA-B0B10E053AD4}.Debug|Any CPU.Build.0 = Debug|Any CPU
		{8341AD6E-CEFA-35DB-E6AA-B0B10E053AD4}.Release|Any CPU.ActiveCfg = Release|Any CPU
		{8341AD6E-CEFA-35DB-E6AA-B0B10E053AD4}.Release|Any CPU.Build.0 = Release|Any CPU
		{4B1BB9D1-B04D-9DDF-783C-906F25678B53}.Debug|Any CPU.ActiveCfg = Debug|Any CPU
		{4B1BB9D1-B04D-9DDF-783C-906F25678B53}.Debug|Any CPU.Build.0 = Debug|Any CPU
		{4B1BB9D1-B04D-9DDF-783C-906F25678B53}.Release|Any CPU.ActiveCfg = Release|Any CPU
		{4B1BB9D1-B04D-9DDF-783C-906F25678B53}.Release|Any CPU.Build.0 = Release|Any CPU
		{DED5CAF7-C0B9-F155-A000-57B0A8CF13B1}.Debug|Any CPU.ActiveCfg = Debug|Any CPU
		{DED5CAF7-C0B9-F155-A000-57B0A8CF13B1}.Debug|Any CPU.Build.0 = Debug|Any CPU
		{DED5CAF7-C0B9-F155-A000-57B0A8CF13B1}.Release|Any CPU.ActiveCfg = Release|Any CPU
		{DED5CAF7-C0B9-F155-A000-57B0A8CF13B1}.Release|Any CPU.Build.0 = Release|Any CPU
		{99AF715C-5EF8-A516-1E98-3742CFF2ED21}.Debug|Any CPU.ActiveCfg = Debug|Any CPU
		{99AF715C-5EF8-A516-1E98-3742CFF2ED21}.Debug|Any CPU.Build.0 = Debug|Any CPU
		{99AF715C-5EF8-A516-1E98-3742CFF2ED21}.Release|Any CPU.ActiveCfg = Release|Any CPU
		{99AF715C-5EF8-A516-1E98-3742CFF2ED21}.Release|Any CPU.Build.0 = Release|Any CPU
		{8D19942E-D963-F876-2900-2AB468DBCFE5}.Debug|Any CPU.ActiveCfg = Debug|Any CPU
		{8D19942E-D963-F876-2900-2AB468DBCFE5}.Debug|Any CPU.Build.0 = Debug|Any CPU
		{8D19942E-D963-F876-2900-2AB468DBCFE5}.Release|Any CPU.ActiveCfg = Release|Any CPU
		{8D19942E-D963-F876-2900-2AB468DBCFE5}.Release|Any CPU.Build.0 = Release|Any CPU
		{DEBD8260-3422-9D27-FEBA-7D8CA86F50BE}.Debug|Any CPU.ActiveCfg = Debug|Any CPU
		{DEBD8260-3422-9D27-FEBA-7D8CA86F50BE}.Debug|Any CPU.Build.0 = Debug|Any CPU
		{DEBD8260-3422-9D27-FEBA-7D8CA86F50BE}.Release|Any CPU.ActiveCfg = Release|Any CPU
		{DEBD8260-3422-9D27-FEBA-7D8CA86F50BE}.Release|Any CPU.Build.0 = Release|Any CPU
		{5B7D30B3-9C50-C0A4-E03B-C01891A625B9}.Debug|Any CPU.ActiveCfg = Debug|Any CPU
		{5B7D30B3-9C50-C0A4-E03B-C01891A625B9}.Debug|Any CPU.Build.0 = Debug|Any CPU
		{5B7D30B3-9C50-C0A4-E03B-C01891A625B9}.Release|Any CPU.ActiveCfg = Release|Any CPU
		{5B7D30B3-9C50-C0A4-E03B-C01891A625B9}.Release|Any CPU.Build.0 = Release|Any CPU
		{516D8848-9CB3-E12B-126F-A0F318A878FF}.Debug|Any CPU.ActiveCfg = Debug|Any CPU
		{516D8848-9CB3-E12B-126F-A0F318A878FF}.Debug|Any CPU.Build.0 = Debug|Any CPU
		{516D8848-9CB3-E12B-126F-A0F318A878FF}.Release|Any CPU.ActiveCfg = Release|Any CPU
		{516D8848-9CB3-E12B-126F-A0F318A878FF}.Release|Any CPU.Build.0 = Release|Any CPU
		{E0AF43AE-2C84-877A-8744-8C3B985BBF6E}.Debug|Any CPU.ActiveCfg = Debug|Any CPU
		{E0AF43AE-2C84-877A-8744-8C3B985BBF6E}.Debug|Any CPU.Build.0 = Debug|Any CPU
		{E0AF43AE-2C84-877A-8744-8C3B985BBF6E}.Release|Any CPU.ActiveCfg = Release|Any CPU
		{E0AF43AE-2C84-877A-8744-8C3B985BBF6E}.Release|Any CPU.Build.0 = Release|Any CPU
		{1A894D23-7121-D084-C4A8-104DA2FE56A9}.Debug|Any CPU.ActiveCfg = Debug|Any CPU
		{1A894D23-7121-D084-C4A8-104DA2FE56A9}.Debug|Any CPU.Build.0 = Debug|Any CPU
		{1A894D23-7121-D084-C4A8-104DA2FE56A9}.Release|Any CPU.ActiveCfg = Release|Any CPU
		{1A894D23-7121-D084-C4A8-104DA2FE56A9}.Release|Any CPU.Build.0 = Release|Any CPU
		{7EF6434D-84C1-961B-B8B0-A92C62169D86}.Debug|Any CPU.ActiveCfg = Debug|Any CPU
		{7EF6434D-84C1-961B-B8B0-A92C62169D86}.Debug|Any CPU.Build.0 = Debug|Any CPU
		{7EF6434D-84C1-961B-B8B0-A92C62169D86}.Release|Any CPU.ActiveCfg = Release|Any CPU
		{7EF6434D-84C1-961B-B8B0-A92C62169D86}.Release|Any CPU.Build.0 = Release|Any CPU
		{8F936C7C-D967-A879-7B10-538AC4A2779A}.Debug|Any CPU.ActiveCfg = Debug|Any CPU
		{8F936C7C-D967-A879-7B10-538AC4A2779A}.Debug|Any CPU.Build.0 = Debug|Any CPU
		{8F936C7C-D967-A879-7B10-538AC4A2779A}.Release|Any CPU.ActiveCfg = Release|Any CPU
		{8F936C7C-D967-A879-7B10-538AC4A2779A}.Release|Any CPU.Build.0 = Release|Any CPU
		{74CB1A90-5E5D-B98B-08EA-446557650395}.Debug|Any CPU.ActiveCfg = Debug|Any CPU
		{74CB1A90-5E5D-B98B-08EA-446557650395}.Debug|Any CPU.Build.0 = Debug|Any CPU
		{74CB1A90-5E5D-B98B-08EA-446557650395}.Release|Any CPU.ActiveCfg = Release|Any CPU
		{74CB1A90-5E5D-B98B-08EA-446557650395}.Release|Any CPU.Build.0 = Release|Any CPU
		{2EF58706-EF94-0D4B-9AEF-F3B08A978F3D}.Debug|Any CPU.ActiveCfg = Debug|Any CPU
		{2EF58706-EF94-0D4B-9AEF-F3B08A978F3D}.Debug|Any CPU.Build.0 = Debug|Any CPU
		{2EF58706-EF94-0D4B-9AEF-F3B08A978F3D}.Release|Any CPU.ActiveCfg = Release|Any CPU
		{2EF58706-EF94-0D4B-9AEF-F3B08A978F3D}.Release|Any CPU.Build.0 = Release|Any CPU
		{D104A8C8-DE30-2CED-8EC2-472A04D0F3ED}.Debug|Any CPU.ActiveCfg = Debug|Any CPU
		{D104A8C8-DE30-2CED-8EC2-472A04D0F3ED}.Debug|Any CPU.Build.0 = Debug|Any CPU
		{D104A8C8-DE30-2CED-8EC2-472A04D0F3ED}.Release|Any CPU.ActiveCfg = Release|Any CPU
		{D104A8C8-DE30-2CED-8EC2-472A04D0F3ED}.Release|Any CPU.Build.0 = Release|Any CPU
		{392F4EEA-677E-80E3-0A58-A0804ECF464E}.Debug|Any CPU.ActiveCfg = Debug|Any CPU
		{392F4EEA-677E-80E3-0A58-A0804ECF464E}.Debug|Any CPU.Build.0 = Debug|Any CPU
		{392F4EEA-677E-80E3-0A58-A0804ECF464E}.Release|Any CPU.ActiveCfg = Release|Any CPU
		{392F4EEA-677E-80E3-0A58-A0804ECF464E}.Release|Any CPU.Build.0 = Release|Any CPU
		{1E7037DF-B49F-3E76-C6E9-8B291D8FF875}.Debug|Any CPU.ActiveCfg = Debug|Any CPU
		{1E7037DF-B49F-3E76-C6E9-8B291D8FF875}.Debug|Any CPU.Build.0 = Debug|Any CPU
		{1E7037DF-B49F-3E76-C6E9-8B291D8FF875}.Release|Any CPU.ActiveCfg = Release|Any CPU
		{1E7037DF-B49F-3E76-C6E9-8B291D8FF875}.Release|Any CPU.Build.0 = Release|Any CPU
		{6FD1E786-5587-133E-ADE9-B931A8943EE8}.Debug|Any CPU.ActiveCfg = Debug|Any CPU
		{6FD1E786-5587-133E-ADE9-B931A8943EE8}.Debug|Any CPU.Build.0 = Debug|Any CPU
		{6FD1E786-5587-133E-ADE9-B931A8943EE8}.Release|Any CPU.ActiveCfg = Release|Any CPU
		{6FD1E786-5587-133E-ADE9-B931A8943EE8}.Release|Any CPU.Build.0 = Release|Any CPU
		{649F888F-E88C-A27C-3412-D27807000CAC}.Debug|Any CPU.ActiveCfg = Debug|Any CPU
		{649F888F-E88C-A27C-3412-D27807000CAC}.Debug|Any CPU.Build.0 = Debug|Any CPU
		{649F888F-E88C-A27C-3412-D27807000CAC}.Release|Any CPU.ActiveCfg = Release|Any CPU
		{649F888F-E88C-A27C-3412-D27807000CAC}.Release|Any CPU.Build.0 = Release|Any CPU
		{C12D1A16-C200-FAFB-919F-9ADC68751473}.Debug|Any CPU.ActiveCfg = Debug|Any CPU
		{C12D1A16-C200-FAFB-919F-9ADC68751473}.Debug|Any CPU.Build.0 = Debug|Any CPU
		{C12D1A16-C200-FAFB-919F-9ADC68751473}.Release|Any CPU.ActiveCfg = Release|Any CPU
		{C12D1A16-C200-FAFB-919F-9ADC68751473}.Release|Any CPU.Build.0 = Release|Any CPU
		{85C1AF3A-22AA-4CA5-BD43-9D28297A87E6}.Debug|Any CPU.ActiveCfg = Debug|Any CPU
		{85C1AF3A-22AA-4CA5-BD43-9D28297A87E6}.Debug|Any CPU.Build.0 = Debug|Any CPU
		{85C1AF3A-22AA-4CA5-BD43-9D28297A87E6}.Release|Any CPU.ActiveCfg = Release|Any CPU
		{85C1AF3A-22AA-4CA5-BD43-9D28297A87E6}.Release|Any CPU.Build.0 = Release|Any CPU
		{6E0D9097-2513-4EEB-5ECB-58B369993BC9}.Debug|Any CPU.ActiveCfg = Debug|Any CPU
		{6E0D9097-2513-4EEB-5ECB-58B369993BC9}.Debug|Any CPU.Build.0 = Debug|Any CPU
		{6E0D9097-2513-4EEB-5ECB-58B369993BC9}.Release|Any CPU.ActiveCfg = Release|Any CPU
		{6E0D9097-2513-4EEB-5ECB-58B369993BC9}.Release|Any CPU.Build.0 = Release|Any CPU
		{ED2FF83C-DB48-2FCD-EB3D-1D369856BB55}.Debug|Any CPU.ActiveCfg = Debug|Any CPU
		{ED2FF83C-DB48-2FCD-EB3D-1D369856BB55}.Debug|Any CPU.Build.0 = Debug|Any CPU
		{ED2FF83C-DB48-2FCD-EB3D-1D369856BB55}.Release|Any CPU.ActiveCfg = Release|Any CPU
		{ED2FF83C-DB48-2FCD-EB3D-1D369856BB55}.Release|Any CPU.Build.0 = Release|Any CPU
		{E6623092-FF13-EB46-80B8-1E013F894EC7}.Debug|Any CPU.ActiveCfg = Debug|Any CPU
		{E6623092-FF13-EB46-80B8-1E013F894EC7}.Debug|Any CPU.Build.0 = Debug|Any CPU
		{E6623092-FF13-EB46-80B8-1E013F894EC7}.Release|Any CPU.ActiveCfg = Release|Any CPU
		{E6623092-FF13-EB46-80B8-1E013F894EC7}.Release|Any CPU.Build.0 = Release|Any CPU
		{8CF9BF5F-6202-5FA2-7C4A-1D59E12655A3}.Debug|Any CPU.ActiveCfg = Debug|Any CPU
		{8CF9BF5F-6202-5FA2-7C4A-1D59E12655A3}.Debug|Any CPU.Build.0 = Debug|Any CPU
		{8CF9BF5F-6202-5FA2-7C4A-1D59E12655A3}.Release|Any CPU.ActiveCfg = Release|Any CPU
		{8CF9BF5F-6202-5FA2-7C4A-1D59E12655A3}.Release|Any CPU.Build.0 = Release|Any CPU
		{D70A1634-C12D-3320-0AB7-9547AEF95539}.Debug|Any CPU.ActiveCfg = Debug|Any CPU
		{D70A1634-C12D-3320-0AB7-9547AEF95539}.Debug|Any CPU.Build.0 = Debug|Any CPU
		{D70A1634-C12D-3320-0AB7-9547AEF95539}.Release|Any CPU.ActiveCfg = Release|Any CPU
		{D70A1634-C12D-3320-0AB7-9547AEF95539}.Release|Any CPU.Build.0 = Release|Any CPU
		{4502D5C3-E1D0-DDA2-2F3F-F619A6BA0DA7}.Debug|Any CPU.ActiveCfg = Debug|Any CPU
		{4502D5C3-E1D0-DDA2-2F3F-F619A6BA0DA7}.Debug|Any CPU.Build.0 = Debug|Any CPU
		{4502D5C3-E1D0-DDA2-2F3F-F619A6BA0DA7}.Release|Any CPU.ActiveCfg = Release|Any CPU
		{4502D5C3-E1D0-DDA2-2F3F-F619A6BA0DA7}.Release|Any CPU.Build.0 = Release|Any CPU
		{1303DFC9-EA2A-9AAB-3506-CEF05283CE7D}.Debug|Any CPU.ActiveCfg = Debug|Any CPU
		{1303DFC9-EA2A-9AAB-3506-CEF05283CE7D}.Debug|Any CPU.Build.0 = Debug|Any CPU
		{1303DFC9-EA2A-9AAB-3506-CEF05283CE7D}.Release|Any CPU.ActiveCfg = Release|Any CPU
		{1303DFC9-EA2A-9AAB-3506-CEF05283CE7D}.Release|Any CPU.Build.0 = Release|Any CPU
		{9939B049-3E34-26EC-4685-74C9ECB6385D}.Debug|Any CPU.ActiveCfg = Debug|Any CPU
		{9939B049-3E34-26EC-4685-74C9ECB6385D}.Debug|Any CPU.Build.0 = Debug|Any CPU
		{9939B049-3E34-26EC-4685-74C9ECB6385D}.Release|Any CPU.ActiveCfg = Release|Any CPU
		{9939B049-3E34-26EC-4685-74C9ECB6385D}.Release|Any CPU.Build.0 = Release|Any CPU
		{760C3C8E-4038-4128-6F13-A5C3379F636E}.Debug|Any CPU.ActiveCfg = Debug|Any CPU
		{760C3C8E-4038-4128-6F13-A5C3379F636E}.Debug|Any CPU.Build.0 = Debug|Any CPU
		{760C3C8E-4038-4128-6F13-A5C3379F636E}.Release|Any CPU.ActiveCfg = Release|Any CPU
		{760C3C8E-4038-4128-6F13-A5C3379F636E}.Release|Any CPU.Build.0 = Release|Any CPU
		{D74A805A-9DF1-5FD6-94BF-8BB96D42E939}.Debug|Any CPU.ActiveCfg = Debug|Any CPU
		{D74A805A-9DF1-5FD6-94BF-8BB96D42E939}.Debug|Any CPU.Build.0 = Debug|Any CPU
		{D74A805A-9DF1-5FD6-94BF-8BB96D42E939}.Release|Any CPU.ActiveCfg = Release|Any CPU
		{D74A805A-9DF1-5FD6-94BF-8BB96D42E939}.Release|Any CPU.Build.0 = Release|Any CPU
		{0223D3E4-6590-0F39-99FE-649F77D097F5}.Debug|Any CPU.ActiveCfg = Debug|Any CPU
		{0223D3E4-6590-0F39-99FE-649F77D097F5}.Debug|Any CPU.Build.0 = Debug|Any CPU
		{0223D3E4-6590-0F39-99FE-649F77D097F5}.Release|Any CPU.ActiveCfg = Release|Any CPU
		{0223D3E4-6590-0F39-99FE-649F77D097F5}.Release|Any CPU.Build.0 = Release|Any CPU
		{67C1F591-EA87-92CD-55B3-EA6E71ADF69C}.Debug|Any CPU.ActiveCfg = Debug|Any CPU
		{67C1F591-EA87-92CD-55B3-EA6E71ADF69C}.Debug|Any CPU.Build.0 = Debug|Any CPU
		{67C1F591-EA87-92CD-55B3-EA6E71ADF69C}.Release|Any CPU.ActiveCfg = Release|Any CPU
		{67C1F591-EA87-92CD-55B3-EA6E71ADF69C}.Release|Any CPU.Build.0 = Release|Any CPU
		{E892655D-673D-B4BE-4C85-7F373363B494}.Debug|Any CPU.ActiveCfg = Debug|Any CPU
		{E892655D-673D-B4BE-4C85-7F373363B494}.Debug|Any CPU.Build.0 = Debug|Any CPU
		{E892655D-673D-B4BE-4C85-7F373363B494}.Release|Any CPU.ActiveCfg = Release|Any CPU
		{E892655D-673D-B4BE-4C85-7F373363B494}.Release|Any CPU.Build.0 = Release|Any CPU
		{52FD886D-E957-C367-1533-874C462DAB0E}.Debug|Any CPU.ActiveCfg = Debug|Any CPU
		{52FD886D-E957-C367-1533-874C462DAB0E}.Debug|Any CPU.Build.0 = Debug|Any CPU
		{52FD886D-E957-C367-1533-874C462DAB0E}.Release|Any CPU.ActiveCfg = Release|Any CPU
		{52FD886D-E957-C367-1533-874C462DAB0E}.Release|Any CPU.Build.0 = Release|Any CPU
		{C6D78EAE-E225-66D9-67C9-8E2B67F9BC47}.Debug|Any CPU.ActiveCfg = Debug|Any CPU
		{C6D78EAE-E225-66D9-67C9-8E2B67F9BC47}.Debug|Any CPU.Build.0 = Debug|Any CPU
		{C6D78EAE-E225-66D9-67C9-8E2B67F9BC47}.Release|Any CPU.ActiveCfg = Release|Any CPU
		{C6D78EAE-E225-66D9-67C9-8E2B67F9BC47}.Release|Any CPU.Build.0 = Release|Any CPU
		{EC29E3B0-735F-7FF9-D84B-73269D3B9F8F}.Debug|Any CPU.ActiveCfg = Debug|Any CPU
		{EC29E3B0-735F-7FF9-D84B-73269D3B9F8F}.Debug|Any CPU.Build.0 = Debug|Any CPU
		{EC29E3B0-735F-7FF9-D84B-73269D3B9F8F}.Release|Any CPU.ActiveCfg = Release|Any CPU
		{EC29E3B0-735F-7FF9-D84B-73269D3B9F8F}.Release|Any CPU.Build.0 = Release|Any CPU
		{4BCC01A7-6704-2A91-DF5A-3F5F3224351A}.Debug|Any CPU.ActiveCfg = Debug|Any CPU
		{4BCC01A7-6704-2A91-DF5A-3F5F3224351A}.Debug|Any CPU.Build.0 = Debug|Any CPU
		{4BCC01A7-6704-2A91-DF5A-3F5F3224351A}.Release|Any CPU.ActiveCfg = Release|Any CPU
		{4BCC01A7-6704-2A91-DF5A-3F5F3224351A}.Release|Any CPU.Build.0 = Release|Any CPU
		{F3B19172-0353-47A6-24D0-F657AA6528C2}.Debug|Any CPU.ActiveCfg = Debug|Any CPU
		{F3B19172-0353-47A6-24D0-F657AA6528C2}.Debug|Any CPU.Build.0 = Debug|Any CPU
		{F3B19172-0353-47A6-24D0-F657AA6528C2}.Release|Any CPU.ActiveCfg = Release|Any CPU
		{F3B19172-0353-47A6-24D0-F657AA6528C2}.Release|Any CPU.Build.0 = Release|Any CPU
		{D74B5AE4-C05D-9078-A946-6CC40B3481F2}.Debug|Any CPU.ActiveCfg = Debug|Any CPU
		{D74B5AE4-C05D-9078-A946-6CC40B3481F2}.Debug|Any CPU.Build.0 = Debug|Any CPU
		{D74B5AE4-C05D-9078-A946-6CC40B3481F2}.Release|Any CPU.ActiveCfg = Release|Any CPU
		{D74B5AE4-C05D-9078-A946-6CC40B3481F2}.Release|Any CPU.Build.0 = Release|Any CPU
		{9D3D007D-5732-3B5F-3114-D03CF4DB942B}.Debug|Any CPU.ActiveCfg = Debug|Any CPU
		{9D3D007D-5732-3B5F-3114-D03CF4DB942B}.Debug|Any CPU.Build.0 = Debug|Any CPU
		{9D3D007D-5732-3B5F-3114-D03CF4DB942B}.Release|Any CPU.ActiveCfg = Release|Any CPU
		{9D3D007D-5732-3B5F-3114-D03CF4DB942B}.Release|Any CPU.Build.0 = Release|Any CPU
		{49D0C5AA-01BD-9C0D-2535-2A95F7A2C578}.Debug|Any CPU.ActiveCfg = Debug|Any CPU
		{49D0C5AA-01BD-9C0D-2535-2A95F7A2C578}.Debug|Any CPU.Build.0 = Debug|Any CPU
		{49D0C5AA-01BD-9C0D-2535-2A95F7A2C578}.Release|Any CPU.ActiveCfg = Release|Any CPU
		{49D0C5AA-01BD-9C0D-2535-2A95F7A2C578}.Release|Any CPU.Build.0 = Release|Any CPU
		{B052DB85-1211-8544-BB58-B193CA265B22}.Debug|Any CPU.ActiveCfg = Debug|Any CPU
		{B052DB85-1211-8544-BB58-B193CA265B22}.Debug|Any CPU.Build.0 = Debug|Any CPU
		{B052DB85-1211-8544-BB58-B193CA265B22}.Release|Any CPU.ActiveCfg = Release|Any CPU
		{B052DB85-1211-8544-BB58-B193CA265B22}.Release|Any CPU.Build.0 = Release|Any CPU
		{AC9AF73D-9904-3A63-27F4-5852D3448669}.Debug|Any CPU.ActiveCfg = Debug|Any CPU
		{AC9AF73D-9904-3A63-27F4-5852D3448669}.Debug|Any CPU.Build.0 = Debug|Any CPU
		{AC9AF73D-9904-3A63-27F4-5852D3448669}.Release|Any CPU.ActiveCfg = Release|Any CPU
		{AC9AF73D-9904-3A63-27F4-5852D3448669}.Release|Any CPU.Build.0 = Release|Any CPU
		{B02E7438-946D-870B-2F95-4ECB39E7D224}.Debug|Any CPU.ActiveCfg = Debug|Any CPU
		{B02E7438-946D-870B-2F95-4ECB39E7D224}.Debug|Any CPU.Build.0 = Debug|Any CPU
		{B02E7438-946D-870B-2F95-4ECB39E7D224}.Release|Any CPU.ActiveCfg = Release|Any CPU
		{B02E7438-946D-870B-2F95-4ECB39E7D224}.Release|Any CPU.Build.0 = Release|Any CPU
		{FE73F6E4-021F-3B1A-67FB-66E58EE5CAED}.Debug|Any CPU.ActiveCfg = Debug|Any CPU
		{FE73F6E4-021F-3B1A-67FB-66E58EE5CAED}.Debug|Any CPU.Build.0 = Debug|Any CPU
		{FE73F6E4-021F-3B1A-67FB-66E58EE5CAED}.Release|Any CPU.ActiveCfg = Release|Any CPU
		{FE73F6E4-021F-3B1A-67FB-66E58EE5CAED}.Release|Any CPU.Build.0 = Release|Any CPU
		{4021DFA4-8C2C-3EBC-75CE-7C203016578E}.Debug|Any CPU.ActiveCfg = Debug|Any CPU
		{4021DFA4-8C2C-3EBC-75CE-7C203016578E}.Debug|Any CPU.Build.0 = Debug|Any CPU
		{4021DFA4-8C2C-3EBC-75CE-7C203016578E}.Release|Any CPU.ActiveCfg = Release|Any CPU
		{4021DFA4-8C2C-3EBC-75CE-7C203016578E}.Release|Any CPU.Build.0 = Release|Any CPU
		{88AD2482-9428-76DE-B241-311C17521BCE}.Debug|Any CPU.ActiveCfg = Debug|Any CPU
		{88AD2482-9428-76DE-B241-311C17521BCE}.Debug|Any CPU.Build.0 = Debug|Any CPU
		{88AD2482-9428-76DE-B241-311C17521BCE}.Release|Any CPU.ActiveCfg = Release|Any CPU
		{88AD2482-9428-76DE-B241-311C17521BCE}.Release|Any CPU.Build.0 = Release|Any CPU
		{2377F4F3-A2B1-7D64-1CCF-2722ECE38C3D}.Debug|Any CPU.ActiveCfg = Debug|Any CPU
		{2377F4F3-A2B1-7D64-1CCF-2722ECE38C3D}.Debug|Any CPU.Build.0 = Debug|Any CPU
		{2377F4F3-A2B1-7D64-1CCF-2722ECE38C3D}.Release|Any CPU.ActiveCfg = Release|Any CPU
		{2377F4F3-A2B1-7D64-1CCF-2722ECE38C3D}.Release|Any CPU.Build.0 = Release|Any CPU
		{7954F8EF-C477-2658-8A9C-EB727496CC0C}.Debug|Any CPU.ActiveCfg = Debug|Any CPU
		{7954F8EF-C477-2658-8A9C-EB727496CC0C}.Debug|Any CPU.Build.0 = Debug|Any CPU
		{7954F8EF-C477-2658-8A9C-EB727496CC0C}.Release|Any CPU.ActiveCfg = Release|Any CPU
		{7954F8EF-C477-2658-8A9C-EB727496CC0C}.Release|Any CPU.Build.0 = Release|Any CPU
		{A6FB612A-D0FC-44CA-8378-CB24C0542E35}.Debug|Any CPU.ActiveCfg = Debug|Any CPU
		{A6FB612A-D0FC-44CA-8378-CB24C0542E35}.Debug|Any CPU.Build.0 = Debug|Any CPU
		{A6FB612A-D0FC-44CA-8378-CB24C0542E35}.Release|Any CPU.ActiveCfg = Release|Any CPU
		{A6FB612A-D0FC-44CA-8378-CB24C0542E35}.Release|Any CPU.Build.0 = Release|Any CPU
		{6297718F-D7C9-D266-3BB7-21CF0C75D5E7}.Debug|Any CPU.ActiveCfg = Debug|Any CPU
		{6297718F-D7C9-D266-3BB7-21CF0C75D5E7}.Debug|Any CPU.Build.0 = Debug|Any CPU
		{6297718F-D7C9-D266-3BB7-21CF0C75D5E7}.Release|Any CPU.ActiveCfg = Release|Any CPU
		{6297718F-D7C9-D266-3BB7-21CF0C75D5E7}.Release|Any CPU.Build.0 = Release|Any CPU
		{E4714DB7-36A0-0181-53A9-056CD155D446}.Debug|Any CPU.ActiveCfg = Debug|Any CPU
		{E4714DB7-36A0-0181-53A9-056CD155D446}.Debug|Any CPU.Build.0 = Debug|Any CPU
		{E4714DB7-36A0-0181-53A9-056CD155D446}.Release|Any CPU.ActiveCfg = Release|Any CPU
		{E4714DB7-36A0-0181-53A9-056CD155D446}.Release|Any CPU.Build.0 = Release|Any CPU
		{C6D857DD-BED7-4168-FC1F-127FEA189B6D}.Debug|Any CPU.ActiveCfg = Debug|Any CPU
		{C6D857DD-BED7-4168-FC1F-127FEA189B6D}.Debug|Any CPU.Build.0 = Debug|Any CPU
		{C6D857DD-BED7-4168-FC1F-127FEA189B6D}.Release|Any CPU.ActiveCfg = Release|Any CPU
		{C6D857DD-BED7-4168-FC1F-127FEA189B6D}.Release|Any CPU.Build.0 = Release|Any CPU
		{6C880538-F91C-1780-F3D1-BA6AF75E131C}.Debug|Any CPU.ActiveCfg = Debug|Any CPU
		{6C880538-F91C-1780-F3D1-BA6AF75E131C}.Debug|Any CPU.Build.0 = Debug|Any CPU
		{6C880538-F91C-1780-F3D1-BA6AF75E131C}.Release|Any CPU.ActiveCfg = Release|Any CPU
		{6C880538-F91C-1780-F3D1-BA6AF75E131C}.Release|Any CPU.Build.0 = Release|Any CPU
		{AC951ADA-6CA1-CD0D-8346-573D7BD22DFE}.Debug|Any CPU.ActiveCfg = Debug|Any CPU
		{AC951ADA-6CA1-CD0D-8346-573D7BD22DFE}.Debug|Any CPU.Build.0 = Debug|Any CPU
		{AC951ADA-6CA1-CD0D-8346-573D7BD22DFE}.Release|Any CPU.ActiveCfg = Release|Any CPU
		{AC951ADA-6CA1-CD0D-8346-573D7BD22DFE}.Release|Any CPU.Build.0 = Release|Any CPU
		{DCD234ED-0A0C-EF8F-8C58-576054EC8323}.Debug|Any CPU.ActiveCfg = Debug|Any CPU
		{DCD234ED-0A0C-EF8F-8C58-576054EC8323}.Debug|Any CPU.Build.0 = Debug|Any CPU
		{DCD234ED-0A0C-EF8F-8C58-576054EC8323}.Release|Any CPU.ActiveCfg = Release|Any CPU
		{DCD234ED-0A0C-EF8F-8C58-576054EC8323}.Release|Any CPU.Build.0 = Release|Any CPU
		{F3F9BED9-64DE-8C25-826C-77838351A85F}.Debug|Any CPU.ActiveCfg = Debug|Any CPU
		{F3F9BED9-64DE-8C25-826C-77838351A85F}.Debug|Any CPU.Build.0 = Debug|Any CPU
		{F3F9BED9-64DE-8C25-826C-77838351A85F}.Release|Any CPU.ActiveCfg = Release|Any CPU
		{F3F9BED9-64DE-8C25-826C-77838351A85F}.Release|Any CPU.Build.0 = Release|Any CPU
		{AADC3A03-8AD6-0ABF-92C9-7CDE6787925A}.Debug|Any CPU.ActiveCfg = Debug|Any CPU
		{AADC3A03-8AD6-0ABF-92C9-7CDE6787925A}.Debug|Any CPU.Build.0 = Debug|Any CPU
		{AADC3A03-8AD6-0ABF-92C9-7CDE6787925A}.Release|Any CPU.ActiveCfg = Release|Any CPU
		{AADC3A03-8AD6-0ABF-92C9-7CDE6787925A}.Release|Any CPU.Build.0 = Release|Any CPU
		{99C94A45-0BA6-1CE6-FDD8-464285F0B4BE}.Debug|Any CPU.ActiveCfg = Debug|Any CPU
		{99C94A45-0BA6-1CE6-FDD8-464285F0B4BE}.Debug|Any CPU.Build.0 = Debug|Any CPU
		{99C94A45-0BA6-1CE6-FDD8-464285F0B4BE}.Release|Any CPU.ActiveCfg = Release|Any CPU
		{99C94A45-0BA6-1CE6-FDD8-464285F0B4BE}.Release|Any CPU.Build.0 = Release|Any CPU
		{E176BE73-892E-3C42-3216-B61BB528995C}.Debug|Any CPU.ActiveCfg = Debug|Any CPU
		{E176BE73-892E-3C42-3216-B61BB528995C}.Debug|Any CPU.Build.0 = Debug|Any CPU
		{E176BE73-892E-3C42-3216-B61BB528995C}.Release|Any CPU.ActiveCfg = Release|Any CPU
		{E176BE73-892E-3C42-3216-B61BB528995C}.Release|Any CPU.Build.0 = Release|Any CPU
		{A0C4DFFE-0600-85ED-7C40-668F994ABB1B}.Debug|Any CPU.ActiveCfg = Debug|Any CPU
		{A0C4DFFE-0600-85ED-7C40-668F994ABB1B}.Debug|Any CPU.Build.0 = Debug|Any CPU
		{A0C4DFFE-0600-85ED-7C40-668F994ABB1B}.Release|Any CPU.ActiveCfg = Release|Any CPU
		{A0C4DFFE-0600-85ED-7C40-668F994ABB1B}.Release|Any CPU.Build.0 = Release|Any CPU
		{00F39BA4-7843-2065-D931-42E574663B79}.Debug|Any CPU.ActiveCfg = Debug|Any CPU
		{00F39BA4-7843-2065-D931-42E574663B79}.Debug|Any CPU.Build.0 = Debug|Any CPU
		{00F39BA4-7843-2065-D931-42E574663B79}.Release|Any CPU.ActiveCfg = Release|Any CPU
		{00F39BA4-7843-2065-D931-42E574663B79}.Release|Any CPU.Build.0 = Release|Any CPU
		{88A5DD57-8243-2126-89F2-B320F32BD1CD}.Debug|Any CPU.ActiveCfg = Debug|Any CPU
		{88A5DD57-8243-2126-89F2-B320F32BD1CD}.Debug|Any CPU.Build.0 = Debug|Any CPU
		{88A5DD57-8243-2126-89F2-B320F32BD1CD}.Release|Any CPU.ActiveCfg = Release|Any CPU
		{88A5DD57-8243-2126-89F2-B320F32BD1CD}.Release|Any CPU.Build.0 = Release|Any CPU
		{2BFBE058-F5A8-1DD9-3BC4-AF283DB5961D}.Debug|Any CPU.ActiveCfg = Debug|Any CPU
		{2BFBE058-F5A8-1DD9-3BC4-AF283DB5961D}.Debug|Any CPU.Build.0 = Debug|Any CPU
		{2BFBE058-F5A8-1DD9-3BC4-AF283DB5961D}.Release|Any CPU.ActiveCfg = Release|Any CPU
		{2BFBE058-F5A8-1DD9-3BC4-AF283DB5961D}.Release|Any CPU.Build.0 = Release|Any CPU
		{408B6E2A-349F-35E6-6E46-C9815B2CE4E2}.Debug|Any CPU.ActiveCfg = Debug|Any CPU
		{408B6E2A-349F-35E6-6E46-C9815B2CE4E2}.Debug|Any CPU.Build.0 = Debug|Any CPU
		{408B6E2A-349F-35E6-6E46-C9815B2CE4E2}.Release|Any CPU.ActiveCfg = Release|Any CPU
		{408B6E2A-349F-35E6-6E46-C9815B2CE4E2}.Release|Any CPU.Build.0 = Release|Any CPU
		{B6F74CF5-FAC3-7032-02D9-7CF2D868A117}.Debug|Any CPU.ActiveCfg = Debug|Any CPU
		{B6F74CF5-FAC3-7032-02D9-7CF2D868A117}.Debug|Any CPU.Build.0 = Debug|Any CPU
		{B6F74CF5-FAC3-7032-02D9-7CF2D868A117}.Release|Any CPU.ActiveCfg = Release|Any CPU
		{B6F74CF5-FAC3-7032-02D9-7CF2D868A117}.Release|Any CPU.Build.0 = Release|Any CPU
		{52928B36-2AAD-B46B-F7E7-60EFA450F611}.Debug|Any CPU.ActiveCfg = Debug|Any CPU
		{52928B36-2AAD-B46B-F7E7-60EFA450F611}.Debug|Any CPU.Build.0 = Debug|Any CPU
		{52928B36-2AAD-B46B-F7E7-60EFA450F611}.Release|Any CPU.ActiveCfg = Release|Any CPU
		{52928B36-2AAD-B46B-F7E7-60EFA450F611}.Release|Any CPU.Build.0 = Release|Any CPU
		{53D68508-1323-E043-5A8D-C7B73D55B078}.Debug|Any CPU.ActiveCfg = Debug|Any CPU
		{53D68508-1323-E043-5A8D-C7B73D55B078}.Debug|Any CPU.Build.0 = Debug|Any CPU
		{53D68508-1323-E043-5A8D-C7B73D55B078}.Release|Any CPU.ActiveCfg = Release|Any CPU
		{53D68508-1323-E043-5A8D-C7B73D55B078}.Release|Any CPU.Build.0 = Release|Any CPU
		{EEC1C2B7-D382-2762-509B-E70060E9631B}.Debug|Any CPU.ActiveCfg = Debug|Any CPU
		{EEC1C2B7-D382-2762-509B-E70060E9631B}.Debug|Any CPU.Build.0 = Debug|Any CPU
		{EEC1C2B7-D382-2762-509B-E70060E9631B}.Release|Any CPU.ActiveCfg = Release|Any CPU
		{EEC1C2B7-D382-2762-509B-E70060E9631B}.Release|Any CPU.Build.0 = Release|Any CPU
		{C3CE87E4-2695-B8EA-35A9-F2E13719E4AA}.Debug|Any CPU.ActiveCfg = Debug|Any CPU
		{C3CE87E4-2695-B8EA-35A9-F2E13719E4AA}.Debug|Any CPU.Build.0 = Debug|Any CPU
		{C3CE87E4-2695-B8EA-35A9-F2E13719E4AA}.Release|Any CPU.ActiveCfg = Release|Any CPU
		{C3CE87E4-2695-B8EA-35A9-F2E13719E4AA}.Release|Any CPU.Build.0 = Release|Any CPU
	EndGlobalSection
	GlobalSection(SolutionProperties) = preSolution
		HideSolutionNode = FALSE
	EndGlobalSection
EndGlobal
